// !$*UTF8*$!
{
	archiveVersion = 1;
	classes = {
	};
	objectVersion = 56;
	objects = {

/* Begin PBXBuildFile section */
		D21B51CC29F4A52F0055157A /* AsyncOperation.swift in Sources */ = {isa = PBXBuildFile; fileRef = D21B51CB29F4A52F0055157A /* AsyncOperation.swift */; };
		D21D270D29F5DEC600BFF56D /* ImageDataProvider.swift in Sources */ = {isa = PBXBuildFile; fileRef = D21D270C29F5DEC600BFF56D /* ImageDataProvider.swift */; };
		D2A721A129BCE26B0021A4C5 /* TiltShiftApp.swift in Sources */ = {isa = PBXBuildFile; fileRef = D2A721A029BCE26B0021A4C5 /* TiltShiftApp.swift */; };
		D2A721A329BCE26B0021A4C5 /* ContentView.swift in Sources */ = {isa = PBXBuildFile; fileRef = D2A721A229BCE26B0021A4C5 /* ContentView.swift */; };
		D2A721A529BCE26C0021A4C5 /* Assets.xcassets in Resources */ = {isa = PBXBuildFile; fileRef = D2A721A429BCE26C0021A4C5 /* Assets.xcassets */; };
		D2A721A829BCE26C0021A4C5 /* Preview Assets.xcassets in Resources */ = {isa = PBXBuildFile; fileRef = D2A721A729BCE26C0021A4C5 /* Preview Assets.xcassets */; };
		D2A721AF29BCE56E0021A4C5 /* ExampleView.swift in Sources */ = {isa = PBXBuildFile; fileRef = D2A721AE29BCE56E0021A4C5 /* ExampleView.swift */; };
		D2A721B129BCE8360021A4C5 /* TiltShiftFilter.swift in Sources */ = {isa = PBXBuildFile; fileRef = D2A721B029BCE8360021A4C5 /* TiltShiftFilter.swift */; };
		D2A721B329BCEC120021A4C5 /* TiltShiftOperation.swift in Sources */ = {isa = PBXBuildFile; fileRef = D2A721B229BCEC120021A4C5 /* TiltShiftOperation.swift */; };
		D2A721B529BCEC550021A4C5 /* TableView.swift in Sources */ = {isa = PBXBuildFile; fileRef = D2A721B429BCEC550021A4C5 /* TableView.swift */; };
		D2A721B929BCEE580021A4C5 /* ImageView.swift in Sources */ = {isa = PBXBuildFile; fileRef = D2A721B829BCEE580021A4C5 /* ImageView.swift */; };
		D2DC537629F4A63A00D47544 /* NetworkImageOperation.swift in Sources */ = {isa = PBXBuildFile; fileRef = D2DC537529F4A63A00D47544 /* NetworkImageOperation.swift */; };
		D2FA847F29BCFBDD00B39695 /* Photos.plist in Resources */ = {isa = PBXBuildFile; fileRef = D2FA847E29BCFBDD00B39695 /* Photos.plist */; };
/* End PBXBuildFile section */

/* Begin PBXFileReference section */
		D21B51CB29F4A52F0055157A /* AsyncOperation.swift */ = {isa = PBXFileReference; lastKnownFileType = sourcecode.swift; path = AsyncOperation.swift; sourceTree = "<group>"; };
		D21D270C29F5DEC600BFF56D /* ImageDataProvider.swift */ = {isa = PBXFileReference; lastKnownFileType = sourcecode.swift; path = ImageDataProvider.swift; sourceTree = "<group>"; };
		D2A7219D29BCE26B0021A4C5 /* TiltShift.app */ = {isa = PBXFileReference; explicitFileType = wrapper.application; includeInIndex = 0; path = TiltShift.app; sourceTree = BUILT_PRODUCTS_DIR; };
		D2A721A029BCE26B0021A4C5 /* TiltShiftApp.swift */ = {isa = PBXFileReference; lastKnownFileType = sourcecode.swift; path = TiltShiftApp.swift; sourceTree = "<group>"; };
		D2A721A229BCE26B0021A4C5 /* ContentView.swift */ = {isa = PBXFileReference; lastKnownFileType = sourcecode.swift; path = ContentView.swift; sourceTree = "<group>"; };
		D2A721A429BCE26C0021A4C5 /* Assets.xcassets */ = {isa = PBXFileReference; lastKnownFileType = folder.assetcatalog; path = Assets.xcassets; sourceTree = "<group>"; };
		D2A721A729BCE26C0021A4C5 /* Preview Assets.xcassets */ = {isa = PBXFileReference; lastKnownFileType = folder.assetcatalog; path = "Preview Assets.xcassets"; sourceTree = "<group>"; };
		D2A721AE29BCE56E0021A4C5 /* ExampleView.swift */ = {isa = PBXFileReference; lastKnownFileType = sourcecode.swift; path = ExampleView.swift; sourceTree = "<group>"; };
		D2A721B029BCE8360021A4C5 /* TiltShiftFilter.swift */ = {isa = PBXFileReference; lastKnownFileType = sourcecode.swift; path = TiltShiftFilter.swift; sourceTree = "<group>"; };
		D2A721B229BCEC120021A4C5 /* TiltShiftOperation.swift */ = {isa = PBXFileReference; lastKnownFileType = sourcecode.swift; path = TiltShiftOperation.swift; sourceTree = "<group>"; };
		D2A721B429BCEC550021A4C5 /* TableView.swift */ = {isa = PBXFileReference; lastKnownFileType = sourcecode.swift; path = TableView.swift; sourceTree = "<group>"; };
		D2A721B829BCEE580021A4C5 /* ImageView.swift */ = {isa = PBXFileReference; lastKnownFileType = sourcecode.swift; path = ImageView.swift; sourceTree = "<group>"; };
		D2DC537529F4A63A00D47544 /* NetworkImageOperation.swift */ = {isa = PBXFileReference; lastKnownFileType = sourcecode.swift; path = NetworkImageOperation.swift; sourceTree = "<group>"; };
		D2FA847E29BCFBDD00B39695 /* Photos.plist */ = {isa = PBXFileReference; fileEncoding = 4; lastKnownFileType = text.plist.xml; path = Photos.plist; sourceTree = "<group>"; };
/* End PBXFileReference section */

/* Begin PBXFrameworksBuildPhase section */
		D2A7219A29BCE26B0021A4C5 /* Frameworks */ = {
			isa = PBXFrameworksBuildPhase;
			buildActionMask = 2147483647;
			files = (
			);
			runOnlyForDeploymentPostprocessing = 0;
		};
/* End PBXFrameworksBuildPhase section */

/* Begin PBXGroup section */
		D2A7219429BCE26B0021A4C5 = {
			isa = PBXGroup;
			children = (
				D2A7219F29BCE26B0021A4C5 /* TiltShift */,
				D2A7219E29BCE26B0021A4C5 /* Products */,
			);
			indentWidth = 2;
			sourceTree = "<group>";
			tabWidth = 2;
		};
		D2A7219E29BCE26B0021A4C5 /* Products */ = {
			isa = PBXGroup;
			children = (
				D2A7219D29BCE26B0021A4C5 /* TiltShift.app */,
			);
			name = Products;
			sourceTree = "<group>";
		};
		D2A7219F29BCE26B0021A4C5 /* TiltShift */ = {
			isa = PBXGroup;
			children = (
				D2FA847E29BCFBDD00B39695 /* Photos.plist */,
				D21B51CB29F4A52F0055157A /* AsyncOperation.swift */,
				D2A721A229BCE26B0021A4C5 /* ContentView.swift */,
				D2A721AE29BCE56E0021A4C5 /* ExampleView.swift */,
				D21D270C29F5DEC600BFF56D /* ImageDataProvider.swift */,
				D2A721B829BCEE580021A4C5 /* ImageView.swift */,
				D2DC537529F4A63A00D47544 /* NetworkImageOperation.swift */,
				D2A721B429BCEC550021A4C5 /* TableView.swift */,
				D2A721A029BCE26B0021A4C5 /* TiltShiftApp.swift */,
				D2A721B029BCE8360021A4C5 /* TiltShiftFilter.swift */,
				D2A721B229BCEC120021A4C5 /* TiltShiftOperation.swift */,
				D2A721A429BCE26C0021A4C5 /* Assets.xcassets */,
				D2A721A629BCE26C0021A4C5 /* Preview Content */,
			);
			path = TiltShift;
			sourceTree = "<group>";
		};
		D2A721A629BCE26C0021A4C5 /* Preview Content */ = {
			isa = PBXGroup;
			children = (
				D2A721A729BCE26C0021A4C5 /* Preview Assets.xcassets */,
			);
			path = "Preview Content";
			sourceTree = "<group>";
		};
/* End PBXGroup section */

/* Begin PBXNativeTarget section */
		D2A7219C29BCE26B0021A4C5 /* TiltShift */ = {
			isa = PBXNativeTarget;
			buildConfigurationList = D2A721AB29BCE26C0021A4C5 /* Build configuration list for PBXNativeTarget "TiltShift" */;
			buildPhases = (
				D2A7219929BCE26B0021A4C5 /* Sources */,
				D2A7219A29BCE26B0021A4C5 /* Frameworks */,
				D2A7219B29BCE26B0021A4C5 /* Resources */,
			);
			buildRules = (
			);
			dependencies = (
			);
			name = TiltShift;
			productName = TiltShift;
			productReference = D2A7219D29BCE26B0021A4C5 /* TiltShift.app */;
			productType = "com.apple.product-type.application";
		};
/* End PBXNativeTarget section */

/* Begin PBXProject section */
		D2A7219529BCE26B0021A4C5 /* Project object */ = {
			isa = PBXProject;
			attributes = {
				BuildIndependentTargetsInParallel = 1;
				LastSwiftUpdateCheck = 1420;
				LastUpgradeCheck = 1420;
				ORGANIZATIONNAME = "Kodeco, Inc";
				TargetAttributes = {
					D2A7219C29BCE26B0021A4C5 = {
						CreatedOnToolsVersion = 14.2;
					};
				};
			};
			buildConfigurationList = D2A7219829BCE26B0021A4C5 /* Build configuration list for PBXProject "TiltShift" */;
			compatibilityVersion = "Xcode 14.0";
			developmentRegion = en;
			hasScannedForEncodings = 0;
			knownRegions = (
				en,
				Base,
			);
			mainGroup = D2A7219429BCE26B0021A4C5;
			productRefGroup = D2A7219E29BCE26B0021A4C5 /* Products */;
			projectDirPath = "";
			projectRoot = "";
			targets = (
				D2A7219C29BCE26B0021A4C5 /* TiltShift */,
			);
		};
/* End PBXProject section */

/* Begin PBXResourcesBuildPhase section */
		D2A7219B29BCE26B0021A4C5 /* Resources */ = {
			isa = PBXResourcesBuildPhase;
			buildActionMask = 2147483647;
			files = (
				D2A721A829BCE26C0021A4C5 /* Preview Assets.xcassets in Resources */,
				D2A721A529BCE26C0021A4C5 /* Assets.xcassets in Resources */,
				D2FA847F29BCFBDD00B39695 /* Photos.plist in Resources */,
			);
			runOnlyForDeploymentPostprocessing = 0;
		};
/* End PBXResourcesBuildPhase section */

/* Begin PBXSourcesBuildPhase section */
		D2A7219929BCE26B0021A4C5 /* Sources */ = {
			isa = PBXSourcesBuildPhase;
			buildActionMask = 2147483647;
			files = (
				D2A721B329BCEC120021A4C5 /* TiltShiftOperation.swift in Sources */,
				D2A721B529BCEC550021A4C5 /* TableView.swift in Sources */,
				D21D270D29F5DEC600BFF56D /* ImageDataProvider.swift in Sources */,
				D2DC537629F4A63A00D47544 /* NetworkImageOperation.swift in Sources */,
				D2A721A329BCE26B0021A4C5 /* ContentView.swift in Sources */,
				D2A721B129BCE8360021A4C5 /* TiltShiftFilter.swift in Sources */,
				D2A721A129BCE26B0021A4C5 /* TiltShiftApp.swift in Sources */,
				D2A721B929BCEE580021A4C5 /* ImageView.swift in Sources */,
				D21B51CC29F4A52F0055157A /* AsyncOperation.swift in Sources */,
				D2A721AF29BCE56E0021A4C5 /* ExampleView.swift in Sources */,
			);
			runOnlyForDeploymentPostprocessing = 0;
		};
/* End PBXSourcesBuildPhase section */

/* Begin XCBuildConfiguration section */
		D2A721A929BCE26C0021A4C5 /* Debug */ = {
			isa = XCBuildConfiguration;
			buildSettings = {
				ALWAYS_SEARCH_USER_PATHS = NO;
				CLANG_ANALYZER_NONNULL = YES;
				CLANG_ANALYZER_NUMBER_OBJECT_CONVERSION = YES_AGGRESSIVE;
				CLANG_CXX_LANGUAGE_STANDARD = "gnu++20";
				CLANG_ENABLE_MODULES = YES;
				CLANG_ENABLE_OBJC_ARC = YES;
				CLANG_ENABLE_OBJC_WEAK = YES;
				CLANG_WARN_BLOCK_CAPTURE_AUTORELEASING = YES;
				CLANG_WARN_BOOL_CONVERSION = YES;
				CLANG_WARN_COMMA = YES;
				CLANG_WARN_CONSTANT_CONVERSION = YES;
				CLANG_WARN_DEPRECATED_OBJC_IMPLEMENTATIONS = YES;
				CLANG_WARN_DIRECT_OBJC_ISA_USAGE = YES_ERROR;
				CLANG_WARN_DOCUMENTATION_COMMENTS = YES;
				CLANG_WARN_EMPTY_BODY = YES;
				CLANG_WARN_ENUM_CONVERSION = YES;
				CLANG_WARN_INFINITE_RECURSION = YES;
				CLANG_WARN_INT_CONVERSION = YES;
				CLANG_WARN_NON_LITERAL_NULL_CONVERSION = YES;
				CLANG_WARN_OBJC_IMPLICIT_RETAIN_SELF = YES;
				CLANG_WARN_OBJC_LITERAL_CONVERSION = YES;
				CLANG_WARN_OBJC_ROOT_CLASS = YES_ERROR;
				CLANG_WARN_QUOTED_INCLUDE_IN_FRAMEWORK_HEADER = YES;
				CLANG_WARN_RANGE_LOOP_ANALYSIS = YES;
				CLANG_WARN_STRICT_PROTOTYPES = YES;
				CLANG_WARN_SUSPICIOUS_MOVE = YES;
				CLANG_WARN_UNGUARDED_AVAILABILITY = YES_AGGRESSIVE;
				CLANG_WARN_UNREACHABLE_CODE = YES;
				CLANG_WARN__DUPLICATE_METHOD_MATCH = YES;
				COPY_PHASE_STRIP = NO;
				DEBUG_INFORMATION_FORMAT = dwarf;
				ENABLE_STRICT_OBJC_MSGSEND = YES;
				ENABLE_TESTABILITY = YES;
				GCC_C_LANGUAGE_STANDARD = gnu11;
				GCC_DYNAMIC_NO_PIC = NO;
				GCC_NO_COMMON_BLOCKS = YES;
				GCC_OPTIMIZATION_LEVEL = 0;
				GCC_PREPROCESSOR_DEFINITIONS = (
					"DEBUG=1",
					"$(inherited)",
				);
				GCC_WARN_64_TO_32_BIT_CONVERSION = YES;
				GCC_WARN_ABOUT_RETURN_TYPE = YES_ERROR;
				GCC_WARN_UNDECLARED_SELECTOR = YES;
				GCC_WARN_UNINITIALIZED_AUTOS = YES_AGGRESSIVE;
				GCC_WARN_UNUSED_FUNCTION = YES;
				GCC_WARN_UNUSED_VARIABLE = YES;
				IPHONEOS_DEPLOYMENT_TARGET = 16.2;
				MTL_ENABLE_DEBUG_INFO = INCLUDE_SOURCE;
				MTL_FAST_MATH = YES;
				ONLY_ACTIVE_ARCH = YES;
				SDKROOT = iphoneos;
				SWIFT_ACTIVE_COMPILATION_CONDITIONS = DEBUG;
				SWIFT_OPTIMIZATION_LEVEL = "-Onone";
			};
			name = Debug;
		};
		D2A721AA29BCE26C0021A4C5 /* Release */ = {
			isa = XCBuildConfiguration;
			buildSettings = {
				ALWAYS_SEARCH_USER_PATHS = NO;
				CLANG_ANALYZER_NONNULL = YES;
				CLANG_ANALYZER_NUMBER_OBJECT_CONVERSION = YES_AGGRESSIVE;
				CLANG_CXX_LANGUAGE_STANDARD = "gnu++20";
				CLANG_ENABLE_MODULES = YES;
				CLANG_ENABLE_OBJC_ARC = YES;
				CLANG_ENABLE_OBJC_WEAK = YES;
				CLANG_WARN_BLOCK_CAPTURE_AUTORELEASING = YES;
				CLANG_WARN_BOOL_CONVERSION = YES;
				CLANG_WARN_COMMA = YES;
				CLANG_WARN_CONSTANT_CONVERSION = YES;
				CLANG_WARN_DEPRECATED_OBJC_IMPLEMENTATIONS = YES;
				CLANG_WARN_DIRECT_OBJC_ISA_USAGE = YES_ERROR;
				CLANG_WARN_DOCUMENTATION_COMMENTS = YES;
				CLANG_WARN_EMPTY_BODY = YES;
				CLANG_WARN_ENUM_CONVERSION = YES;
				CLANG_WARN_INFINITE_RECURSION = YES;
				CLANG_WARN_INT_CONVERSION = YES;
				CLANG_WARN_NON_LITERAL_NULL_CONVERSION = YES;
				CLANG_WARN_OBJC_IMPLICIT_RETAIN_SELF = YES;
				CLANG_WARN_OBJC_LITERAL_CONVERSION = YES;
				CLANG_WARN_OBJC_ROOT_CLASS = YES_ERROR;
				CLANG_WARN_QUOTED_INCLUDE_IN_FRAMEWORK_HEADER = YES;
				CLANG_WARN_RANGE_LOOP_ANALYSIS = YES;
				CLANG_WARN_STRICT_PROTOTYPES = YES;
				CLANG_WARN_SUSPICIOUS_MOVE = YES;
				CLANG_WARN_UNGUARDED_AVAILABILITY = YES_AGGRESSIVE;
				CLANG_WARN_UNREACHABLE_CODE = YES;
				CLANG_WARN__DUPLICATE_METHOD_MATCH = YES;
				COPY_PHASE_STRIP = NO;
				DEBUG_INFORMATION_FORMAT = "dwarf-with-dsym";
				ENABLE_NS_ASSERTIONS = NO;
				ENABLE_STRICT_OBJC_MSGSEND = YES;
				GCC_C_LANGUAGE_STANDARD = gnu11;
				GCC_NO_COMMON_BLOCKS = YES;
				GCC_WARN_64_TO_32_BIT_CONVERSION = YES;
				GCC_WARN_ABOUT_RETURN_TYPE = YES_ERROR;
				GCC_WARN_UNDECLARED_SELECTOR = YES;
				GCC_WARN_UNINITIALIZED_AUTOS = YES_AGGRESSIVE;
				GCC_WARN_UNUSED_FUNCTION = YES;
				GCC_WARN_UNUSED_VARIABLE = YES;
				IPHONEOS_DEPLOYMENT_TARGET = 16.2;
				MTL_ENABLE_DEBUG_INFO = NO;
				MTL_FAST_MATH = YES;
				SDKROOT = iphoneos;
				SWIFT_COMPILATION_MODE = wholemodule;
				SWIFT_OPTIMIZATION_LEVEL = "-O";
				VALIDATE_PRODUCT = YES;
			};
			name = Release;
		};
		D2A721AC29BCE26C0021A4C5 /* Debug */ = {
			isa = XCBuildConfiguration;
			buildSettings = {
				ASSETCATALOG_COMPILER_APPICON_NAME = AppIcon;
				ASSETCATALOG_COMPILER_GLOBAL_ACCENT_COLOR_NAME = AccentColor;
				CODE_SIGN_STYLE = Automatic;
				CURRENT_PROJECT_VERSION = 1;
				DEVELOPMENT_ASSET_PATHS = "\"TiltShift/Preview Content\"";
				DEVELOPMENT_TEAM = "";
				ENABLE_PREVIEWS = YES;
				GENERATE_INFOPLIST_FILE = YES;
				INFOPLIST_KEY_UIApplicationSceneManifest_Generation = YES;
				INFOPLIST_KEY_UIApplicationSupportsIndirectInputEvents = YES;
				INFOPLIST_KEY_UILaunchScreen_Generation = YES;
				INFOPLIST_KEY_UISupportedInterfaceOrientations_iPad = "UIInterfaceOrientationPortrait UIInterfaceOrientationPortraitUpsideDown UIInterfaceOrientationLandscapeLeft UIInterfaceOrientationLandscapeRight";
				INFOPLIST_KEY_UISupportedInterfaceOrientations_iPhone = "UIInterfaceOrientationPortrait UIInterfaceOrientationLandscapeLeft UIInterfaceOrientationLandscapeRight";
				LD_RUNPATH_SEARCH_PATHS = (
					"$(inherited)",
					"@executable_path/Frameworks",
				);
				MARKETING_VERSION = 1.0;
				PRODUCT_BUNDLE_IDENTIFIER = com.yourcompany.TiltShift;
				PRODUCT_NAME = "$(TARGET_NAME)";
				SWIFT_EMIT_LOC_STRINGS = YES;
				SWIFT_VERSION = 5.0;
				TARGETED_DEVICE_FAMILY = "1,2";
			};
			name = Debug;
		};
		D2A721AD29BCE26C0021A4C5 /* Release */ = {
			isa = XCBuildConfiguration;
			buildSettings = {
				ASSETCATALOG_COMPILER_APPICON_NAME = AppIcon;
				ASSETCATALOG_COMPILER_GLOBAL_ACCENT_COLOR_NAME = AccentColor;
				CODE_SIGN_STYLE = Automatic;
				CURRENT_PROJECT_VERSION = 1;
				DEVELOPMENT_ASSET_PATHS = "\"TiltShift/Preview Content\"";
				DEVELOPMENT_TEAM = "";
				ENABLE_PREVIEWS = YES;
				GENERATE_INFOPLIST_FILE = YES;
				INFOPLIST_KEY_UIApplicationSceneManifest_Generation = YES;
				INFOPLIST_KEY_UIApplicationSupportsIndirectInputEvents = YES;
				INFOPLIST_KEY_UILaunchScreen_Generation = YES;
				INFOPLIST_KEY_UISupportedInterfaceOrientations_iPad = "UIInterfaceOrientationPortrait UIInterfaceOrientationPortraitUpsideDown UIInterfaceOrientationLandscapeLeft UIInterfaceOrientationLandscapeRight";
				INFOPLIST_KEY_UISupportedInterfaceOrientations_iPhone = "UIInterfaceOrientationPortrait UIInterfaceOrientationLandscapeLeft UIInterfaceOrientationLandscapeRight";
				LD_RUNPATH_SEARCH_PATHS = (
					"$(inherited)",
					"@executable_path/Frameworks",
				);
				MARKETING_VERSION = 1.0;
				PRODUCT_BUNDLE_IDENTIFIER = com.yourcompany.TiltShift;
				PRODUCT_NAME = "$(TARGET_NAME)";
				SWIFT_EMIT_LOC_STRINGS = YES;
				SWIFT_VERSION = 5.0;
				TARGETED_DEVICE_FAMILY = "1,2";
			};
			name = Release;
		};
/* End XCBuildConfiguration section */

/* Begin XCConfigurationList section */
		D2A7219829BCE26B0021A4C5 /* Build configuration list for PBXProject "TiltShift" */ = {
			isa = XCConfigurationList;
			buildConfigurations = (
				D2A721A929BCE26C0021A4C5 /* Debug */,
				D2A721AA29BCE26C0021A4C5 /* Release */,
			);
			defaultConfigurationIsVisible = 0;
			defaultConfigurationName = Release;
		};
		D2A721AB29BCE26C0021A4C5 /* Build configuration list for PBXNativeTarget "TiltShift" */ = {
			isa = XCConfigurationList;
			buildConfigurations = (
				D2A721AC29BCE26C0021A4C5 /* Debug */,
				D2A721AD29BCE26C0021A4C5 /* Release */,
			);
			defaultConfigurationIsVisible = 0;
			defaultConfigurationName = Release;
		};
/* End XCConfigurationList section */
	};
	rootObject = D2A7219529BCE26B0021A4C5 /* Project object */;
}
